
Microsoft Visual Studio Solution File, Format Version 12.00
# Visual Studio Version 16
VisualStudioVersion = 16.0.31624.102
MinimumVisualStudioVersion = 10.0.40219.1
Project("{FAE04EC0-301F-11D3-BF4B-00C04F79EFBC}") = "MilanoPizza", "MilanoPizza\MilanoPizza.csproj", "{FACAA5B6-159E-4F15-A016-12905079C823}"
EndProject
Global
	GlobalSection(SolutionConfigurationPlatforms) = preSolution
		Debug|Any CPU = Debug|Any CPU
		Release|Any CPU = Release|Any CPU
	EndGlobalSection
	GlobalSection(ProjectConfigurationPlatforms) = postSolution
		{FACAA5B6-159E-4F15-A016-12905079C823}.Debug|Any CPU.ActiveCfg = Debug|Any CPU
		{FACAA5B6-159E-4F15-A016-12905079C823}.Debug|Any CPU.Build.0 = Debug|Any CPU
		{FACAA5B6-159E-4F15-A016-12905079C823}.Release|Any CPU.ActiveCfg = Release|Any CPU
		{FACAA5B6-159E-4F15-A016-12905079C823}.Release|Any CPU.Build.0 = Release|Any CPU
	EndGlobalSection
	GlobalSection(SolutionProperties) = preSolution
		HideSolutionNode = FALSE
	EndGlobalSection
	GlobalSection(ExtensibilityGlobals) = postSolution
		SolutionGuid = {30E7A560-2F54-4892-8A43-8967B218A53C}
	EndGlobalSection
EndGlobal
